
Microsoft Visual Studio Solution File, Format Version 12.00
# Visual Studio Version 17
VisualStudioVersion = 17.3.32819.101
MinimumVisualStudioVersion = 10.0.40219.1
Project("{FAE04EC0-301F-11D3-BF4B-00C04F79EFBC}") = "WatchCat", "WatchCat\WatchCat.csproj", "{AF1D1E5E-B30B-4EE1-9F46-35F9AB469175}"
EndProject
Global
	GlobalSection(SolutionConfigurationPlatforms) = preSolution
		Debug|Any CPU = Debug|Any CPU
		Release|Any CPU = Release|Any CPU
	EndGlobalSection
	GlobalSection(ProjectConfigurationPlatforms) = postSolution
		{AF1D1E5E-B30B-4EE1-9F46-35F9AB469175}.Debug|Any CPU.ActiveCfg = Debug|Any CPU
		{AF1D1E5E-B30B-4EE1-9F46-35F9AB469175}.Debug|Any CPU.Build.0 = Debug|Any CPU
		{AF1D1E5E-B30B-4EE1-9F46-35F9AB469175}.Release|Any CPU.ActiveCfg = Release|Any CPU
		{AF1D1E5E-B30B-4EE1-9F46-35F9AB469175}.Release|Any CPU.Build.0 = Release|Any CPU
	EndGlobalSection
	GlobalSection(SolutionProperties) = preSolution
		HideSolutionNode = FALSE
	EndGlobalSection
	GlobalSection(ExtensibilityGlobals) = postSolution
		SolutionGuid = {D8A3D038-7601-4478-88F6-A796F5CF10F2}
	EndGlobalSection
EndGlobal
